
Microsoft Visual Studio Solution File, Format Version 12.00
# Visual Studio 14
VisualStudioVersion = 14.0.25420.1
MinimumVisualStudioVersion = 10.0.40219.1
Project("{FAE04EC0-301F-11D3-BF4B-00C04F79EFBC}") = "Server", "Server\Server.csproj", "{55B62D83-40BA-49F2-9DA9-6F882E38A14F}"
EndProject
Project("{FAE04EC0-301F-11D3-BF4B-00C04F79EFBC}") = "Client", "Client\Client.csproj", "{38EFA81E-E6EF-4245-882D-3C0B03510D78}"
EndProject
Project("{FAE04EC0-301F-11D3-BF4B-00C04F79EFBC}") = "Serializator", "Serializator\Serializator.csproj", "{5FFEFC47-478E-43A3-8983-836A465E211F}"
EndProject
Project("{FAE04EC0-301F-11D3-BF4B-00C04F79EFBC}") = "rtf", "rtf\rtf.csproj", "{1912B219-A16F-49CC-B603-E8ED80A5A29D}"
EndProject
Global
	GlobalSection(SolutionConfigurationPlatforms) = preSolution
		Debug|Any CPU = Debug|Any CPU
		Release|Any CPU = Release|Any CPU
	EndGlobalSection
	GlobalSection(ProjectConfigurationPlatforms) = postSolution
		{55B62D83-40BA-49F2-9DA9-6F882E38A14F}.Debug|Any CPU.ActiveCfg = Debug|Any CPU
		{55B62D83-40BA-49F2-9DA9-6F882E38A14F}.Debug|Any CPU.Build.0 = Debug|Any CPU
		{55B62D83-40BA-49F2-9DA9-6F882E38A14F}.Release|Any CPU.ActiveCfg = Release|Any CPU
		{55B62D83-40BA-49F2-9DA9-6F882E38A14F}.Release|Any CPU.Build.0 = Release|Any CPU
		{38EFA81E-E6EF-4245-882D-3C0B03510D78}.Debug|Any CPU.ActiveCfg = Debug|Any CPU
		{38EFA81E-E6EF-4245-882D-3C0B03510D78}.Debug|Any CPU.Build.0 = Debug|Any CPU
		{38EFA81E-E6EF-4245-882D-3C0B03510D78}.Release|Any CPU.ActiveCfg = Release|Any CPU
		{38EFA81E-E6EF-4245-882D-3C0B03510D78}.Release|Any CPU.Build.0 = Release|Any CPU
		{5FFEFC47-478E-43A3-8983-836A465E211F}.Debug|Any CPU.ActiveCfg = Debug|Any CPU
		{5FFEFC47-478E-43A3-8983-836A465E211F}.Debug|Any CPU.Build.0 = Debug|Any CPU
		{5FFEFC47-478E-43A3-8983-836A465E211F}.Release|Any CPU.ActiveCfg = Release|Any CPU
		{5FFEFC47-478E-43A3-8983-836A465E211F}.Release|Any CPU.Build.0 = Release|Any CPU
		{1912B219-A16F-49CC-B603-E8ED80A5A29D}.Debug|Any CPU.ActiveCfg = Debug|Any CPU
		{1912B219-A16F-49CC-B603-E8ED80A5A29D}.Debug|Any CPU.Build.0 = Debug|Any CPU
		{1912B219-A16F-49CC-B603-E8ED80A5A29D}.Release|Any CPU.ActiveCfg = Release|Any CPU
		{1912B219-A16F-49CC-B603-E8ED80A5A29D}.Release|Any CPU.Build.0 = Release|Any CPU
	EndGlobalSection
	GlobalSection(SolutionProperties) = preSolution
		HideSolutionNode = FALSE
	EndGlobalSection
EndGlobal
